
Microsoft Visual Studio Solution File, Format Version 11.00
# Visual Studio 2010
Project("{FAE04EC0-301F-11D3-BF4B-00C04F79EFBC}") = "KafaKagidi_ver.0", "KafaKagidi_ver.0\KafaKagidi_ver.0.csproj", "{441A10A5-4620-4E9F-9563-E1103738ADA5}"
EndProject
Global
	GlobalSection(SolutionConfigurationPlatforms) = preSolution
		Debug|x86 = Debug|x86
		Release|x86 = Release|x86
	EndGlobalSection
	GlobalSection(ProjectConfigurationPlatforms) = postSolution
		{441A10A5-4620-4E9F-9563-E1103738ADA5}.Debug|x86.ActiveCfg = Debug|x86
		{441A10A5-4620-4E9F-9563-E1103738ADA5}.Debug|x86.Build.0 = Debug|x86
		{441A10A5-4620-4E9F-9563-E1103738ADA5}.Release|x86.ActiveCfg = Release|x86
		{441A10A5-4620-4E9F-9563-E1103738ADA5}.Release|x86.Build.0 = Release|x86
	EndGlobalSection
	GlobalSection(SolutionProperties) = preSolution
		HideSolutionNode = FALSE
	EndGlobalSection
EndGlobal
